
Microsoft Visual Studio Solution File, Format Version 12.00
# Visual Studio Version 17
VisualStudioVersion = 17.4.33403.182
MinimumVisualStudioVersion = 10.0.40219.1
Project("{FAE04EC0-301F-11D3-BF4B-00C04F79EFBC}") = "Task_6_1", "Task_6_1\Task_6_1.csproj", "{1D353BFF-01A9-4663-A2E9-CD7BAC7A6519}"
EndProject
Global
	GlobalSection(SolutionConfigurationPlatforms) = preSolution
		Debug|Any CPU = Debug|Any CPU
		Release|Any CPU = Release|Any CPU
	EndGlobalSection
	GlobalSection(ProjectConfigurationPlatforms) = postSolution
		{1D353BFF-01A9-4663-A2E9-CD7BAC7A6519}.Debug|Any CPU.ActiveCfg = Debug|Any CPU
		{1D353BFF-01A9-4663-A2E9-CD7BAC7A6519}.Debug|Any CPU.Build.0 = Debug|Any CPU
		{1D353BFF-01A9-4663-A2E9-CD7BAC7A6519}.Release|Any CPU.ActiveCfg = Release|Any CPU
		{1D353BFF-01A9-4663-A2E9-CD7BAC7A6519}.Release|Any CPU.Build.0 = Release|Any CPU
	EndGlobalSection
	GlobalSection(SolutionProperties) = preSolution
		HideSolutionNode = FALSE
	EndGlobalSection
	GlobalSection(ExtensibilityGlobals) = postSolution
		SolutionGuid = {89E7354B-E974-4A59-9455-1E6110F43428}
	EndGlobalSection
EndGlobal
